{
  "name": "ace",
  "lockfileVersion": 2,
  "requires": true,
  "packages": {
    "": {
      "dependencies": {
        "animejs": "^3.2.1",
        "sweetalert2": "^11.4.8"
      }
    },
    "node_modules/animejs": {
      "version": "3.2.1",
      "resolved": "https://registry.npmjs.org/animejs/-/animejs-3.2.1.tgz",
      "integrity": "sha512-sWno3ugFryK5nhiDm/2BKeFCpZv7vzerWUcUPyAZLDhMek3+S/p418ldZJbJXo5ZUOpfm2kP2XRO4NJcULMy9A=="
    },
    "node_modules/sweetalert2": {
      "version": "11.4.8",
      "resolved": "https://registry.npmjs.org/sweetalert2/-/sweetalert2-11.4.8.tgz",
      "integrity": "sha512-BDS/+E8RwaekGSxCPUbPnsRAyQ439gtXkTF/s98vY2l9DaVEOMjGj1FaQSorfGREKsbbxGSP7UXboibL5vgTMA==",
      "funding": {
        "type": "individual",
        "url": "https://sweetalert2.github.io/#donations"
      }
    }
  },
  "dependencies": {
    "animejs": {
      "version": "3.2.1",
      "resolved": "https://registry.npmjs.org/animejs/-/animejs-3.2.1.tgz",
      "integrity": "sha512-sWno3ugFryK5nhiDm/2BKeFCpZv7vzerWUcUPyAZLDhMek3+S/p418ldZJbJXo5ZUOpfm2kP2XRO4NJcULMy9A=="
    },
    "sweetalert2": {
      "version": "11.4.8",
      "resolved": "https://registry.npmjs.org/sweetalert2/-/sweetalert2-11.4.8.tgz",
      "integrity": "sha512-BDS/+E8RwaekGSxCPUbPnsRAyQ439gtXkTF/s98vY2l9DaVEOMjGj1FaQSorfGREKsbbxGSP7UXboibL5vgTMA=="
    }
  }
}
